// !$*UTF8*$!
{
	archiveVersion = 1;
	classes = {
	};
	objectVersion = 50;
	objects = {

/* Begin PBXBuildFile section */
		FEE0E7EC26F8DD9C0085E53D /* main.cpp in Sources */ = {isa = PBXBuildFile; fileRef = FEE0E7EB26F8DD9C0085E53D /* main.cpp */; };
		FEE0E7F526F8DDD30085E53D /* Example_037.cpp in Sources */ = {isa = PBXBuildFile; fileRef = FEE0E7F326F8DDD30085E53D /* Example_037.cpp */; };
/* End PBXBuildFile section */

/* Begin PBXCopyFilesBuildPhase section */
		FEE0E7E626F8DD9C0085E53D /* CopyFiles */ = {
			isa = PBXCopyFilesBuildPhase;
			buildActionMask = 2147483647;
			dstPath = /usr/share/man/man1/;
			dstSubfolderSpec = 0;
			files = (
			);
			runOnlyForDeploymentPostprocessing = 1;
		};
/* End PBXCopyFilesBuildPhase section */

/* Begin PBXFileReference section */
		FEE0E7E826F8DD9C0085E53D /* E01 */ = {isa = PBXFileReference; explicitFileType = "compiled.mach-o.executable"; includeInIndex = 0; path = E01; sourceTree = BUILT_PRODUCTS_DIR; };
		FEE0E7EB26F8DD9C0085E53D /* main.cpp */ = {isa = PBXFileReference; lastKnownFileType = sourcecode.cpp.cpp; path = main.cpp; sourceTree = "<group>"; };
		FEE0E7F326F8DDD30085E53D /* Example_037.cpp */ = {isa = PBXFileReference; lastKnownFileType = sourcecode.cpp.cpp; path = Example_037.cpp; sourceTree = "<group>"; };
		FEE0E7F426F8DDD30085E53D /* Example_037.hpp */ = {isa = PBXFileReference; lastKnownFileType = sourcecode.cpp.h; path = Example_037.hpp; sourceTree = "<group>"; };
		FEE0E7F926F8DDF70085E53D /* KGDefine.hpp */ = {isa = PBXFileReference; lastKnownFileType = sourcecode.cpp.h; path = KGDefine.hpp; sourceTree = "<group>"; };
/* End PBXFileReference section */

/* Begin PBXFrameworksBuildPhase section */
		FEE0E7E526F8DD9C0085E53D /* Frameworks */ = {
			isa = PBXFrameworksBuildPhase;
			buildActionMask = 2147483647;
			files = (
			);
			runOnlyForDeploymentPostprocessing = 0;
		};
/* End PBXFrameworksBuildPhase section */

/* Begin PBXGroup section */
		FEE0E7DF26F8DD9C0085E53D = {
			isa = PBXGroup;
			children = (
				FEE0E7EA26F8DD9C0085E53D /* E01 */,
				FEE0E7E926F8DD9C0085E53D /* Products */,
			);
			sourceTree = "<group>";
		};
		FEE0E7E926F8DD9C0085E53D /* Products */ = {
			isa = PBXGroup;
			children = (
				FEE0E7E826F8DD9C0085E53D /* E01 */,
			);
			name = Products;
			sourceTree = "<group>";
		};
		FEE0E7EA26F8DD9C0085E53D /* E01 */ = {
			isa = PBXGroup;
			children = (
				FEE0E7F226F8DDC70085E53D /* Example_037 */,
				FEE0E7F626F8DDEA0085E53D /* Global */,
				FEE0E7EB26F8DD9C0085E53D /* main.cpp */,
			);
			path = E01;
			sourceTree = "<group>";
		};
		FEE0E7F226F8DDC70085E53D /* Example_037 */ = {
			isa = PBXGroup;
			children = (
				FEE0E7F326F8DDD30085E53D /* Example_037.cpp */,
				FEE0E7F426F8DDD30085E53D /* Example_037.hpp */,
			);
			path = Example_037;
			sourceTree = "<group>";
		};
		FEE0E7F626F8DDEA0085E53D /* Global */ = {
			isa = PBXGroup;
			children = (
				FEE0E7F726F8DDF10085E53D /* Define */,
			);
			path = Global;
			sourceTree = "<group>";
		};
		FEE0E7F726F8DDF10085E53D /* Define */ = {
			isa = PBXGroup;
			children = (
				FEE0E7F926F8DDF70085E53D /* KGDefine.hpp */,
			);
			path = Define;
			sourceTree = "<group>";
		};
/* End PBXGroup section */

/* Begin PBXNativeTarget section */
		FEE0E7E726F8DD9C0085E53D /* E01 */ = {
			isa = PBXNativeTarget;
			buildConfigurationList = FEE0E7EF26F8DD9C0085E53D /* Build configuration list for PBXNativeTarget "E01" */;
			buildPhases = (
				FEE0E7E426F8DD9C0085E53D /* Sources */,
				FEE0E7E526F8DD9C0085E53D /* Frameworks */,
				FEE0E7E626F8DD9C0085E53D /* CopyFiles */,
			);
			buildRules = (
			);
			dependencies = (
			);
			name = E01;
			productName = E01;
			productReference = FEE0E7E826F8DD9C0085E53D /* E01 */;
			productType = "com.apple.product-type.tool";
		};
/* End PBXNativeTarget section */

/* Begin PBXProject section */
		FEE0E7E026F8DD9C0085E53D /* Project object */ = {
			isa = PBXProject;
			attributes = {
				LastUpgradeCheck = 1250;
				TargetAttributes = {
					FEE0E7E726F8DD9C0085E53D = {
						CreatedOnToolsVersion = 12.5.1;
					};
				};
			};
			buildConfigurationList = FEE0E7E326F8DD9C0085E53D /* Build configuration list for PBXProject "E01" */;
			compatibilityVersion = "Xcode 9.3";
			developmentRegion = en;
			hasScannedForEncodings = 0;
			knownRegions = (
				en,
				Base,
			);
			mainGroup = FEE0E7DF26F8DD9C0085E53D;
			productRefGroup = FEE0E7E926F8DD9C0085E53D /* Products */;
			projectDirPath = "";
			projectRoot = "";
			targets = (
				FEE0E7E726F8DD9C0085E53D /* E01 */,
			);
		};
/* End PBXProject section */

/* Begin PBXSourcesBuildPhase section */
		FEE0E7E426F8DD9C0085E53D /* Sources */ = {
			isa = PBXSourcesBuildPhase;
			buildActionMask = 2147483647;
			files = (
				FEE0E7EC26F8DD9C0085E53D /* main.cpp in Sources */,
				FEE0E7F526F8DDD30085E53D /* Example_037.cpp in Sources */,
			);
			runOnlyForDeploymentPostprocessing = 0;
		};
/* End PBXSourcesBuildPhase section */

/* Begin XCBuildConfiguration section */
		FEE0E7ED26F8DD9C0085E53D /* Debug */ = {
			isa = XCBuildConfiguration;
			buildSettings = {
				ALWAYS_SEARCH_USER_PATHS = NO;
				CLANG_ANALYZER_NONNULL = YES;
				CLANG_ANALYZER_NUMBER_OBJECT_CONVERSION = YES_AGGRESSIVE;
				CLANG_CXX_LANGUAGE_STANDARD = "gnu++14";
				CLANG_CXX_LIBRARY = "libc++";
				CLANG_ENABLE_MODULES = YES;
				CLANG_ENABLE_OBJC_ARC = YES;
				CLANG_ENABLE_OBJC_WEAK = YES;
				CLANG_WARN_BLOCK_CAPTURE_AUTORELEASING = YES;
				CLANG_WARN_BOOL_CONVERSION = YES;
				CLANG_WARN_COMMA = YES;
				CLANG_WARN_CONSTANT_CONVERSION = YES;
				CLANG_WARN_DEPRECATED_OBJC_IMPLEMENTATIONS = YES;
				CLANG_WARN_DIRECT_OBJC_ISA_USAGE = YES_ERROR;
				CLANG_WARN_DOCUMENTATION_COMMENTS = YES;
				CLANG_WARN_EMPTY_BODY = YES;
				CLANG_WARN_ENUM_CONVERSION = YES;
				CLANG_WARN_INFINITE_RECURSION = YES;
				CLANG_WARN_INT_CONVERSION = YES;
				CLANG_WARN_NON_LITERAL_NULL_CONVERSION = YES;
				CLANG_WARN_OBJC_IMPLICIT_RETAIN_SELF = YES;
				CLANG_WARN_OBJC_LITERAL_CONVERSION = YES;
				CLANG_WARN_OBJC_ROOT_CLASS = YES_ERROR;
				CLANG_WARN_QUOTED_INCLUDE_IN_FRAMEWORK_HEADER = YES;
				CLANG_WARN_RANGE_LOOP_ANALYSIS = YES;
				CLANG_WARN_STRICT_PROTOTYPES = YES;
				CLANG_WARN_SUSPICIOUS_MOVE = YES;
				CLANG_WARN_UNGUARDED_AVAILABILITY = YES_AGGRESSIVE;
				CLANG_WARN_UNREACHABLE_CODE = YES;
				CLANG_WARN__DUPLICATE_METHOD_MATCH = YES;
				COPY_PHASE_STRIP = NO;
				DEBUG_INFORMATION_FORMAT = dwarf;
				ENABLE_STRICT_OBJC_MSGSEND = YES;
				ENABLE_TESTABILITY = YES;
				GCC_C_LANGUAGE_STANDARD = gnu11;
				GCC_DYNAMIC_NO_PIC = NO;
				GCC_NO_COMMON_BLOCKS = YES;
				GCC_OPTIMIZATION_LEVEL = 0;
				GCC_PREPROCESSOR_DEFINITIONS = (
					"DEBUG=1",
					"$(inherited)",
				);
				GCC_WARN_64_TO_32_BIT_CONVERSION = YES;
				GCC_WARN_ABOUT_RETURN_TYPE = YES_ERROR;
				GCC_WARN_UNDECLARED_SELECTOR = YES;
				GCC_WARN_UNINITIALIZED_AUTOS = YES_AGGRESSIVE;
				GCC_WARN_UNUSED_FUNCTION = YES;
				GCC_WARN_UNUSED_VARIABLE = YES;
				MACOSX_DEPLOYMENT_TARGET = 11.3;
				MTL_ENABLE_DEBUG_INFO = INCLUDE_SOURCE;
				MTL_FAST_MATH = YES;
				ONLY_ACTIVE_ARCH = YES;
				SDKROOT = macosx;
			};
			name = Debug;
		};
		FEE0E7EE26F8DD9C0085E53D /* Release */ = {
			isa = XCBuildConfiguration;
			buildSettings = {
				ALWAYS_SEARCH_USER_PATHS = NO;
				CLANG_ANALYZER_NONNULL = YES;
				CLANG_ANALYZER_NUMBER_OBJECT_CONVERSION = YES_AGGRESSIVE;
				CLANG_CXX_LANGUAGE_STANDARD = "gnu++14";
				CLANG_CXX_LIBRARY = "libc++";
				CLANG_ENABLE_MODULES = YES;
				CLANG_ENABLE_OBJC_ARC = YES;
				CLANG_ENABLE_OBJC_WEAK = YES;
				CLANG_WARN_BLOCK_CAPTURE_AUTORELEASING = YES;
				CLANG_WARN_BOOL_CONVERSION = YES;
				CLANG_WARN_COMMA = YES;
				CLANG_WARN_CONSTANT_CONVERSION = YES;
				CLANG_WARN_DEPRECATED_OBJC_IMPLEMENTATIONS = YES;
				CLANG_WARN_DIRECT_OBJC_ISA_USAGE = YES_ERROR;
				CLANG_WARN_DOCUMENTATION_COMMENTS = YES;
				CLANG_WARN_EMPTY_BODY = YES;
				CLANG_WARN_ENUM_CONVERSION = YES;
				CLANG_WARN_INFINITE_RECURSION = YES;
				CLANG_WARN_INT_CONVERSION = YES;
				CLANG_WARN_NON_LITERAL_NULL_CONVERSION = YES;
				CLANG_WARN_OBJC_IMPLICIT_RETAIN_SELF = YES;
				CLANG_WARN_OBJC_LITERAL_CONVERSION = YES;
				CLANG_WARN_OBJC_ROOT_CLASS = YES_ERROR;
				CLANG_WARN_QUOTED_INCLUDE_IN_FRAMEWORK_HEADER = YES;
				CLANG_WARN_RANGE_LOOP_ANALYSIS = YES;
				CLANG_WARN_STRICT_PROTOTYPES = YES;
				CLANG_WARN_SUSPICIOUS_MOVE = YES;
				CLANG_WARN_UNGUARDED_AVAILABILITY = YES_AGGRESSIVE;
				CLANG_WARN_UNREACHABLE_CODE = YES;
				CLANG_WARN__DUPLICATE_METHOD_MATCH = YES;
				COPY_PHASE_STRIP = NO;
				DEBUG_INFORMATION_FORMAT = "dwarf-with-dsym";
				ENABLE_NS_ASSERTIONS = NO;
				ENABLE_STRICT_OBJC_MSGSEND = YES;
				GCC_C_LANGUAGE_STANDARD = gnu11;
				GCC_NO_COMMON_BLOCKS = YES;
				GCC_WARN_64_TO_32_BIT_CONVERSION = YES;
				GCC_WARN_ABOUT_RETURN_TYPE = YES_ERROR;
				GCC_WARN_UNDECLARED_SELECTOR = YES;
				GCC_WARN_UNINITIALIZED_AUTOS = YES_AGGRESSIVE;
				GCC_WARN_UNUSED_FUNCTION = YES;
				GCC_WARN_UNUSED_VARIABLE = YES;
				MACOSX_DEPLOYMENT_TARGET = 11.3;
				MTL_ENABLE_DEBUG_INFO = NO;
				MTL_FAST_MATH = YES;
				SDKROOT = macosx;
			};
			name = Release;
		};
		FEE0E7F026F8DD9C0085E53D /* Debug */ = {
			isa = XCBuildConfiguration;
			buildSettings = {
				CODE_SIGN_STYLE = Automatic;
				DEVELOPMENT_TEAM = 8XBEE2A299;
				ENABLE_HARDENED_RUNTIME = YES;
				PRODUCT_NAME = "$(TARGET_NAME)";
			};
			name = Debug;
		};
		FEE0E7F126F8DD9C0085E53D /* Release */ = {
			isa = XCBuildConfiguration;
			buildSettings = {
				CODE_SIGN_STYLE = Automatic;
				DEVELOPMENT_TEAM = 8XBEE2A299;
				ENABLE_HARDENED_RUNTIME = YES;
				PRODUCT_NAME = "$(TARGET_NAME)";
			};
			name = Release;
		};
/* End XCBuildConfiguration section */

/* Begin XCConfigurationList section */
		FEE0E7E326F8DD9C0085E53D /* Build configuration list for PBXProject "E01" */ = {
			isa = XCConfigurationList;
			buildConfigurations = (
				FEE0E7ED26F8DD9C0085E53D /* Debug */,
				FEE0E7EE26F8DD9C0085E53D /* Release */,
			);
			defaultConfigurationIsVisible = 0;
			defaultConfigurationName = Release;
		};
		FEE0E7EF26F8DD9C0085E53D /* Build configuration list for PBXNativeTarget "E01" */ = {
			isa = XCConfigurationList;
			buildConfigurations = (
				FEE0E7F026F8DD9C0085E53D /* Debug */,
				FEE0E7F126F8DD9C0085E53D /* Release */,
			);
			defaultConfigurationIsVisible = 0;
			defaultConfigurationName = Release;
		};
/* End XCConfigurationList section */
	};
	rootObject = FEE0E7E026F8DD9C0085E53D /* Project object */;
}
