// !$*UTF8*$!
{
	archiveVersion = 1;
	classes = {
	};
	objectVersion = 50;
	objects = {

/* Begin PBXBuildFile section */
		FE3949C22623ED8800427B78 /* main.cpp in Sources */ = {isa = PBXBuildFile; fileRef = FE3949C12623ED8800427B78 /* main.cpp */; };
		FE3949D02623EE3E00427B78 /* Example_038.cpp in Sources */ = {isa = PBXBuildFile; fileRef = FE3949CE2623EE3E00427B78 /* Example_038.cpp */; };
		FE8ABCC22624A14200EC0DD7 /* LinkedList.cpp in Sources */ = {isa = PBXBuildFile; fileRef = FE8ABCC02624A14200EC0DD7 /* LinkedList.cpp */; };
		FE8ABCC82624A8A400EC0DD7 /* Example_050.cpp in Sources */ = {isa = PBXBuildFile; fileRef = FE8ABCC62624A8A400EC0DD7 /* Example_050.cpp */; };
		FE8ABCCD2624A8D100EC0DD7 /* DoubleLinkedList.cpp in Sources */ = {isa = PBXBuildFile; fileRef = FE8ABCCB2624A8D100EC0DD7 /* DoubleLinkedList.cpp */; };
/* End PBXBuildFile section */

/* Begin PBXCopyFilesBuildPhase section */
		FE3949BC2623ED8800427B78 /* CopyFiles */ = {
			isa = PBXCopyFilesBuildPhase;
			buildActionMask = 2147483647;
			dstPath = /usr/share/man/man1/;
			dstSubfolderSpec = 0;
			files = (
			);
			runOnlyForDeploymentPostprocessing = 1;
		};
/* End PBXCopyFilesBuildPhase section */

/* Begin PBXFileReference section */
		FE3949BE2623ED8800427B78 /* E02 */ = {isa = PBXFileReference; explicitFileType = "compiled.mach-o.executable"; includeInIndex = 0; path = E02; sourceTree = BUILT_PRODUCTS_DIR; };
		FE3949C12623ED8800427B78 /* main.cpp */ = {isa = PBXFileReference; lastKnownFileType = sourcecode.cpp.cpp; path = main.cpp; sourceTree = "<group>"; };
		FE3949CB2623EDA200427B78 /* KGDefine.hpp */ = {isa = PBXFileReference; lastKnownFileType = sourcecode.cpp.h; path = KGDefine.hpp; sourceTree = "<group>"; };
		FE3949CE2623EE3E00427B78 /* Example_038.cpp */ = {isa = PBXFileReference; lastKnownFileType = sourcecode.cpp.cpp; path = Example_038.cpp; sourceTree = "<group>"; };
		FE3949CF2623EE3E00427B78 /* Example_038.hpp */ = {isa = PBXFileReference; lastKnownFileType = sourcecode.cpp.h; path = Example_038.hpp; sourceTree = "<group>"; };
		FE8ABCC02624A14200EC0DD7 /* LinkedList.cpp */ = {isa = PBXFileReference; lastKnownFileType = sourcecode.cpp.cpp; path = LinkedList.cpp; sourceTree = "<group>"; };
		FE8ABCC12624A14200EC0DD7 /* LinkedList.hpp */ = {isa = PBXFileReference; lastKnownFileType = sourcecode.cpp.h; path = LinkedList.hpp; sourceTree = "<group>"; };
		FE8ABCC62624A8A400EC0DD7 /* Example_050.cpp */ = {isa = PBXFileReference; lastKnownFileType = sourcecode.cpp.cpp; path = Example_050.cpp; sourceTree = "<group>"; };
		FE8ABCC72624A8A400EC0DD7 /* Example_050.hpp */ = {isa = PBXFileReference; lastKnownFileType = sourcecode.cpp.h; path = Example_050.hpp; sourceTree = "<group>"; };
		FE8ABCCB2624A8D100EC0DD7 /* DoubleLinkedList.cpp */ = {isa = PBXFileReference; lastKnownFileType = sourcecode.cpp.cpp; path = DoubleLinkedList.cpp; sourceTree = "<group>"; };
		FE8ABCCC2624A8D100EC0DD7 /* DoubleLinkedList.hpp */ = {isa = PBXFileReference; lastKnownFileType = sourcecode.cpp.h; path = DoubleLinkedList.hpp; sourceTree = "<group>"; };
/* End PBXFileReference section */

/* Begin PBXFrameworksBuildPhase section */
		FE3949BB2623ED8800427B78 /* Frameworks */ = {
			isa = PBXFrameworksBuildPhase;
			buildActionMask = 2147483647;
			files = (
			);
			runOnlyForDeploymentPostprocessing = 0;
		};
/* End PBXFrameworksBuildPhase section */

/* Begin PBXGroup section */
		FE3949B52623ED8800427B78 = {
			isa = PBXGroup;
			children = (
				FE3949C02623ED8800427B78 /* E02 */,
				FE3949BF2623ED8800427B78 /* Products */,
			);
			sourceTree = "<group>";
		};
		FE3949BF2623ED8800427B78 /* Products */ = {
			isa = PBXGroup;
			children = (
				FE3949BE2623ED8800427B78 /* E02 */,
			);
			name = Products;
			sourceTree = "<group>";
		};
		FE3949C02623ED8800427B78 /* E02 */ = {
			isa = PBXGroup;
			children = (
				FE3949CD2623EE2F00427B78 /* Example_038 */,
				FE8ABCC52624A89C00EC0DD7 /* Example_050 */,
				FE3949C92623EDA200427B78 /* Global */,
				FE3949C12623ED8800427B78 /* main.cpp */,
			);
			path = E02;
			sourceTree = "<group>";
		};
		FE3949C92623EDA200427B78 /* Global */ = {
			isa = PBXGroup;
			children = (
				FE3949CA2623EDA200427B78 /* Define */,
			);
			path = Global;
			sourceTree = "<group>";
		};
		FE3949CA2623EDA200427B78 /* Define */ = {
			isa = PBXGroup;
			children = (
				FE3949CB2623EDA200427B78 /* KGDefine.hpp */,
			);
			path = Define;
			sourceTree = "<group>";
		};
		FE3949CD2623EE2F00427B78 /* Example_038 */ = {
			isa = PBXGroup;
			children = (
				FE8ABCBF2624A12B00EC0DD7 /* Utility */,
				FE3949CE2623EE3E00427B78 /* Example_038.cpp */,
				FE3949CF2623EE3E00427B78 /* Example_038.hpp */,
			);
			path = Example_038;
			sourceTree = "<group>";
		};
		FE8ABCBF2624A12B00EC0DD7 /* Utility */ = {
			isa = PBXGroup;
			children = (
				FE8ABCC02624A14200EC0DD7 /* LinkedList.cpp */,
				FE8ABCC12624A14200EC0DD7 /* LinkedList.hpp */,
			);
			path = Utility;
			sourceTree = "<group>";
		};
		FE8ABCC52624A89C00EC0DD7 /* Example_050 */ = {
			isa = PBXGroup;
			children = (
				FE8ABCCA2624A8B400EC0DD7 /* Utility */,
				FE8ABCC62624A8A400EC0DD7 /* Example_050.cpp */,
				FE8ABCC72624A8A400EC0DD7 /* Example_050.hpp */,
			);
			path = Example_050;
			sourceTree = "<group>";
		};
		FE8ABCCA2624A8B400EC0DD7 /* Utility */ = {
			isa = PBXGroup;
			children = (
				FE8ABCCB2624A8D100EC0DD7 /* DoubleLinkedList.cpp */,
				FE8ABCCC2624A8D100EC0DD7 /* DoubleLinkedList.hpp */,
			);
			path = Utility;
			sourceTree = "<group>";
		};
/* End PBXGroup section */

/* Begin PBXNativeTarget section */
		FE3949BD2623ED8800427B78 /* E02 */ = {
			isa = PBXNativeTarget;
			buildConfigurationList = FE3949C52623ED8800427B78 /* Build configuration list for PBXNativeTarget "E02" */;
			buildPhases = (
				FE3949BA2623ED8800427B78 /* Sources */,
				FE3949BB2623ED8800427B78 /* Frameworks */,
				FE3949BC2623ED8800427B78 /* CopyFiles */,
			);
			buildRules = (
			);
			dependencies = (
			);
			name = E02;
			productName = E02;
			productReference = FE3949BE2623ED8800427B78 /* E02 */;
			productType = "com.apple.product-type.tool";
		};
/* End PBXNativeTarget section */

/* Begin PBXProject section */
		FE3949B62623ED8800427B78 /* Project object */ = {
			isa = PBXProject;
			attributes = {
				LastUpgradeCheck = 1240;
				TargetAttributes = {
					FE3949BD2623ED8800427B78 = {
						CreatedOnToolsVersion = 12.4;
					};
				};
			};
			buildConfigurationList = FE3949B92623ED8800427B78 /* Build configuration list for PBXProject "E02" */;
			compatibilityVersion = "Xcode 9.3";
			developmentRegion = en;
			hasScannedForEncodings = 0;
			knownRegions = (
				en,
				Base,
			);
			mainGroup = FE3949B52623ED8800427B78;
			productRefGroup = FE3949BF2623ED8800427B78 /* Products */;
			projectDirPath = "";
			projectRoot = "";
			targets = (
				FE3949BD2623ED8800427B78 /* E02 */,
			);
		};
/* End PBXProject section */

/* Begin PBXSourcesBuildPhase section */
		FE3949BA2623ED8800427B78 /* Sources */ = {
			isa = PBXSourcesBuildPhase;
			buildActionMask = 2147483647;
			files = (
				FE8ABCC82624A8A400EC0DD7 /* Example_050.cpp in Sources */,
				FE3949D02623EE3E00427B78 /* Example_038.cpp in Sources */,
				FE8ABCC22624A14200EC0DD7 /* LinkedList.cpp in Sources */,
				FE3949C22623ED8800427B78 /* main.cpp in Sources */,
				FE8ABCCD2624A8D100EC0DD7 /* DoubleLinkedList.cpp in Sources */,
			);
			runOnlyForDeploymentPostprocessing = 0;
		};
/* End PBXSourcesBuildPhase section */

/* Begin XCBuildConfiguration section */
		FE3949C32623ED8800427B78 /* Debug */ = {
			isa = XCBuildConfiguration;
			buildSettings = {
				ALWAYS_SEARCH_USER_PATHS = NO;
				CLANG_ANALYZER_NONNULL = YES;
				CLANG_ANALYZER_NUMBER_OBJECT_CONVERSION = YES_AGGRESSIVE;
				CLANG_CXX_LANGUAGE_STANDARD = "gnu++14";
				CLANG_CXX_LIBRARY = "libc++";
				CLANG_ENABLE_MODULES = YES;
				CLANG_ENABLE_OBJC_ARC = YES;
				CLANG_ENABLE_OBJC_WEAK = YES;
				CLANG_WARN_BLOCK_CAPTURE_AUTORELEASING = YES;
				CLANG_WARN_BOOL_CONVERSION = YES;
				CLANG_WARN_COMMA = YES;
				CLANG_WARN_CONSTANT_CONVERSION = YES;
				CLANG_WARN_DEPRECATED_OBJC_IMPLEMENTATIONS = YES;
				CLANG_WARN_DIRECT_OBJC_ISA_USAGE = YES_ERROR;
				CLANG_WARN_DOCUMENTATION_COMMENTS = YES;
				CLANG_WARN_EMPTY_BODY = YES;
				CLANG_WARN_ENUM_CONVERSION = YES;
				CLANG_WARN_INFINITE_RECURSION = YES;
				CLANG_WARN_INT_CONVERSION = YES;
				CLANG_WARN_NON_LITERAL_NULL_CONVERSION = YES;
				CLANG_WARN_OBJC_IMPLICIT_RETAIN_SELF = YES;
				CLANG_WARN_OBJC_LITERAL_CONVERSION = YES;
				CLANG_WARN_OBJC_ROOT_CLASS = YES_ERROR;
				CLANG_WARN_QUOTED_INCLUDE_IN_FRAMEWORK_HEADER = YES;
				CLANG_WARN_RANGE_LOOP_ANALYSIS = YES;
				CLANG_WARN_STRICT_PROTOTYPES = YES;
				CLANG_WARN_SUSPICIOUS_MOVE = YES;
				CLANG_WARN_UNGUARDED_AVAILABILITY = YES_AGGRESSIVE;
				CLANG_WARN_UNREACHABLE_CODE = YES;
				CLANG_WARN__DUPLICATE_METHOD_MATCH = YES;
				COPY_PHASE_STRIP = NO;
				DEBUG_INFORMATION_FORMAT = dwarf;
				ENABLE_STRICT_OBJC_MSGSEND = YES;
				ENABLE_TESTABILITY = YES;
				GCC_C_LANGUAGE_STANDARD = gnu11;
				GCC_DYNAMIC_NO_PIC = NO;
				GCC_NO_COMMON_BLOCKS = YES;
				GCC_OPTIMIZATION_LEVEL = 0;
				GCC_PREPROCESSOR_DEFINITIONS = (
					"DEBUG=1",
					"$(inherited)",
				);
				GCC_WARN_64_TO_32_BIT_CONVERSION = YES;
				GCC_WARN_ABOUT_RETURN_TYPE = YES_ERROR;
				GCC_WARN_UNDECLARED_SELECTOR = YES;
				GCC_WARN_UNINITIALIZED_AUTOS = YES_AGGRESSIVE;
				GCC_WARN_UNUSED_FUNCTION = YES;
				GCC_WARN_UNUSED_VARIABLE = YES;
				MACOSX_DEPLOYMENT_TARGET = 11.1;
				MTL_ENABLE_DEBUG_INFO = INCLUDE_SOURCE;
				MTL_FAST_MATH = YES;
				ONLY_ACTIVE_ARCH = YES;
				SDKROOT = macosx;
			};
			name = Debug;
		};
		FE3949C42623ED8800427B78 /* Release */ = {
			isa = XCBuildConfiguration;
			buildSettings = {
				ALWAYS_SEARCH_USER_PATHS = NO;
				CLANG_ANALYZER_NONNULL = YES;
				CLANG_ANALYZER_NUMBER_OBJECT_CONVERSION = YES_AGGRESSIVE;
				CLANG_CXX_LANGUAGE_STANDARD = "gnu++14";
				CLANG_CXX_LIBRARY = "libc++";
				CLANG_ENABLE_MODULES = YES;
				CLANG_ENABLE_OBJC_ARC = YES;
				CLANG_ENABLE_OBJC_WEAK = YES;
				CLANG_WARN_BLOCK_CAPTURE_AUTORELEASING = YES;
				CLANG_WARN_BOOL_CONVERSION = YES;
				CLANG_WARN_COMMA = YES;
				CLANG_WARN_CONSTANT_CONVERSION = YES;
				CLANG_WARN_DEPRECATED_OBJC_IMPLEMENTATIONS = YES;
				CLANG_WARN_DIRECT_OBJC_ISA_USAGE = YES_ERROR;
				CLANG_WARN_DOCUMENTATION_COMMENTS = YES;
				CLANG_WARN_EMPTY_BODY = YES;
				CLANG_WARN_ENUM_CONVERSION = YES;
				CLANG_WARN_INFINITE_RECURSION = YES;
				CLANG_WARN_INT_CONVERSION = YES;
				CLANG_WARN_NON_LITERAL_NULL_CONVERSION = YES;
				CLANG_WARN_OBJC_IMPLICIT_RETAIN_SELF = YES;
				CLANG_WARN_OBJC_LITERAL_CONVERSION = YES;
				CLANG_WARN_OBJC_ROOT_CLASS = YES_ERROR;
				CLANG_WARN_QUOTED_INCLUDE_IN_FRAMEWORK_HEADER = YES;
				CLANG_WARN_RANGE_LOOP_ANALYSIS = YES;
				CLANG_WARN_STRICT_PROTOTYPES = YES;
				CLANG_WARN_SUSPICIOUS_MOVE = YES;
				CLANG_WARN_UNGUARDED_AVAILABILITY = YES_AGGRESSIVE;
				CLANG_WARN_UNREACHABLE_CODE = YES;
				CLANG_WARN__DUPLICATE_METHOD_MATCH = YES;
				COPY_PHASE_STRIP = NO;
				DEBUG_INFORMATION_FORMAT = "dwarf-with-dsym";
				ENABLE_NS_ASSERTIONS = NO;
				ENABLE_STRICT_OBJC_MSGSEND = YES;
				GCC_C_LANGUAGE_STANDARD = gnu11;
				GCC_NO_COMMON_BLOCKS = YES;
				GCC_WARN_64_TO_32_BIT_CONVERSION = YES;
				GCC_WARN_ABOUT_RETURN_TYPE = YES_ERROR;
				GCC_WARN_UNDECLARED_SELECTOR = YES;
				GCC_WARN_UNINITIALIZED_AUTOS = YES_AGGRESSIVE;
				GCC_WARN_UNUSED_FUNCTION = YES;
				GCC_WARN_UNUSED_VARIABLE = YES;
				MACOSX_DEPLOYMENT_TARGET = 11.1;
				MTL_ENABLE_DEBUG_INFO = NO;
				MTL_FAST_MATH = YES;
				SDKROOT = macosx;
			};
			name = Release;
		};
		FE3949C62623ED8800427B78 /* Debug */ = {
			isa = XCBuildConfiguration;
			buildSettings = {
				CODE_SIGN_STYLE = Automatic;
				DEVELOPMENT_TEAM = 8XBEE2A299;
				ENABLE_HARDENED_RUNTIME = YES;
				PRODUCT_NAME = "$(TARGET_NAME)";
			};
			name = Debug;
		};
		FE3949C72623ED8800427B78 /* Release */ = {
			isa = XCBuildConfiguration;
			buildSettings = {
				CODE_SIGN_STYLE = Automatic;
				DEVELOPMENT_TEAM = 8XBEE2A299;
				ENABLE_HARDENED_RUNTIME = YES;
				PRODUCT_NAME = "$(TARGET_NAME)";
			};
			name = Release;
		};
/* End XCBuildConfiguration section */

/* Begin XCConfigurationList section */
		FE3949B92623ED8800427B78 /* Build configuration list for PBXProject "E02" */ = {
			isa = XCConfigurationList;
			buildConfigurations = (
				FE3949C32623ED8800427B78 /* Debug */,
				FE3949C42623ED8800427B78 /* Release */,
			);
			defaultConfigurationIsVisible = 0;
			defaultConfigurationName = Release;
		};
		FE3949C52623ED8800427B78 /* Build configuration list for PBXNativeTarget "E02" */ = {
			isa = XCConfigurationList;
			buildConfigurations = (
				FE3949C62623ED8800427B78 /* Debug */,
				FE3949C72623ED8800427B78 /* Release */,
			);
			defaultConfigurationIsVisible = 0;
			defaultConfigurationName = Release;
		};
/* End XCConfigurationList section */
	};
	rootObject = FE3949B62623ED8800427B78 /* Project object */;
}
