// !$*UTF8*$!
{
	archiveVersion = 1;
	classes = {
	};
	objectVersion = 55;
	objects = {

/* Begin PBXBuildFile section */
		C3BC26B527F7C32300E93DB5 /* main.cpp in Sources */ = {isa = PBXBuildFile; fileRef = C3BC26B427F7C32300E93DB5 /* main.cpp */; };
		C3BC26BE27F7C39700E93DB5 /* Example_014.cpp in Sources */ = {isa = PBXBuildFile; fileRef = C3BC26BC27F7C39700E93DB5 /* Example_014.cpp */; };
		C3BC26C127F7C3E200E93DB5 /* Example_017.cpp in Sources */ = {isa = PBXBuildFile; fileRef = C3BC26BF27F7C3E200E93DB5 /* Example_017.cpp */; };
/* End PBXBuildFile section */

/* Begin PBXCopyFilesBuildPhase section */
		C3BC26AF27F7C32300E93DB5 /* CopyFiles */ = {
			isa = PBXCopyFilesBuildPhase;
			buildActionMask = 2147483647;
			dstPath = /usr/share/man/man1/;
			dstSubfolderSpec = 0;
			files = (
			);
			runOnlyForDeploymentPostprocessing = 1;
		};
/* End PBXCopyFilesBuildPhase section */

/* Begin PBXFileReference section */
		C3BC26B127F7C32300E93DB5 /* E01 */ = {isa = PBXFileReference; explicitFileType = "compiled.mach-o.executable"; includeInIndex = 0; path = E01; sourceTree = BUILT_PRODUCTS_DIR; };
		C3BC26B427F7C32300E93DB5 /* main.cpp */ = {isa = PBXFileReference; lastKnownFileType = sourcecode.cpp.cpp; path = main.cpp; sourceTree = "<group>"; };
		C3BC26BC27F7C39700E93DB5 /* Example_014.cpp */ = {isa = PBXFileReference; lastKnownFileType = sourcecode.cpp.cpp; path = Example_014.cpp; sourceTree = "<group>"; };
		C3BC26BD27F7C39700E93DB5 /* Example_014.hpp */ = {isa = PBXFileReference; lastKnownFileType = sourcecode.cpp.h; path = Example_014.hpp; sourceTree = "<group>"; };
		C3BC26BF27F7C3E200E93DB5 /* Example_017.cpp */ = {isa = PBXFileReference; lastKnownFileType = sourcecode.cpp.cpp; path = Example_017.cpp; sourceTree = "<group>"; };
		C3BC26C027F7C3E200E93DB5 /* Example_017.hpp */ = {isa = PBXFileReference; lastKnownFileType = sourcecode.cpp.h; path = Example_017.hpp; sourceTree = "<group>"; };
		C3BC26C527F7C41000E93DB5 /* KGDefine.hpp */ = {isa = PBXFileReference; lastKnownFileType = sourcecode.cpp.h; path = KGDefine.hpp; sourceTree = "<group>"; };
/* End PBXFileReference section */

/* Begin PBXFrameworksBuildPhase section */
		C3BC26AE27F7C32300E93DB5 /* Frameworks */ = {
			isa = PBXFrameworksBuildPhase;
			buildActionMask = 2147483647;
			files = (
			);
			runOnlyForDeploymentPostprocessing = 0;
		};
/* End PBXFrameworksBuildPhase section */

/* Begin PBXGroup section */
		C3BC26A827F7C32300E93DB5 = {
			isa = PBXGroup;
			children = (
				FE84CF432830994C00765CFE /* E01 */,
				C3BC26B227F7C32300E93DB5 /* Products */,
			);
			sourceTree = "<group>";
		};
		C3BC26B227F7C32300E93DB5 /* Products */ = {
			isa = PBXGroup;
			children = (
				C3BC26B127F7C32300E93DB5 /* E01 */,
			);
			name = Products;
			sourceTree = "<group>";
		};
		C3BC26B327F7C32300E93DB5 /* Example_014 */ = {
			isa = PBXGroup;
			children = (
				C3BC26BC27F7C39700E93DB5 /* Example_014.cpp */,
				C3BC26BD27F7C39700E93DB5 /* Example_014.hpp */,
			);
			path = Example_014;
			sourceTree = "<group>";
		};
		C3BC26BB27F7C37500E93DB5 /* Example_017 */ = {
			isa = PBXGroup;
			children = (
				C3BC26BF27F7C3E200E93DB5 /* Example_017.cpp */,
				C3BC26C027F7C3E200E93DB5 /* Example_017.hpp */,
			);
			path = Example_017;
			sourceTree = "<group>";
		};
		C3BC26C227F7C3F800E93DB5 /* Global */ = {
			isa = PBXGroup;
			children = (
				C3BC26C327F7C40300E93DB5 /* Define */,
			);
			path = Global;
			sourceTree = "<group>";
		};
		C3BC26C327F7C40300E93DB5 /* Define */ = {
			isa = PBXGroup;
			children = (
				C3BC26C527F7C41000E93DB5 /* KGDefine.hpp */,
			);
			path = Define;
			sourceTree = "<group>";
		};
		FE84CF432830994C00765CFE /* E01 */ = {
			isa = PBXGroup;
			children = (
				C3BC26C227F7C3F800E93DB5 /* Global */,
				C3BC26B327F7C32300E93DB5 /* Example_014 */,
				C3BC26BB27F7C37500E93DB5 /* Example_017 */,
				C3BC26B427F7C32300E93DB5 /* main.cpp */,
			);
			path = E01;
			sourceTree = "<group>";
		};
/* End PBXGroup section */

/* Begin PBXNativeTarget section */
		C3BC26B027F7C32300E93DB5 /* E01 */ = {
			isa = PBXNativeTarget;
			buildConfigurationList = C3BC26B827F7C32300E93DB5 /* Build configuration list for PBXNativeTarget "E01" */;
			buildPhases = (
				C3BC26AD27F7C32300E93DB5 /* Sources */,
				C3BC26AE27F7C32300E93DB5 /* Frameworks */,
				C3BC26AF27F7C32300E93DB5 /* CopyFiles */,
			);
			buildRules = (
			);
			dependencies = (
			);
			name = E01;
			productName = E01;
			productReference = C3BC26B127F7C32300E93DB5 /* E01 */;
			productType = "com.apple.product-type.tool";
		};
/* End PBXNativeTarget section */

/* Begin PBXProject section */
		C3BC26A927F7C32300E93DB5 /* Project object */ = {
			isa = PBXProject;
			attributes = {
				BuildIndependentTargetsInParallel = 1;
				LastUpgradeCheck = 1330;
				TargetAttributes = {
					C3BC26B027F7C32300E93DB5 = {
						CreatedOnToolsVersion = 13.3;
					};
				};
			};
			buildConfigurationList = C3BC26AC27F7C32300E93DB5 /* Build configuration list for PBXProject "E01" */;
			compatibilityVersion = "Xcode 13.0";
			developmentRegion = en;
			hasScannedForEncodings = 0;
			knownRegions = (
				en,
				Base,
			);
			mainGroup = C3BC26A827F7C32300E93DB5;
			productRefGroup = C3BC26B227F7C32300E93DB5 /* Products */;
			projectDirPath = "";
			projectRoot = "";
			targets = (
				C3BC26B027F7C32300E93DB5 /* E01 */,
			);
		};
/* End PBXProject section */

/* Begin PBXSourcesBuildPhase section */
		C3BC26AD27F7C32300E93DB5 /* Sources */ = {
			isa = PBXSourcesBuildPhase;
			buildActionMask = 2147483647;
			files = (
				C3BC26BE27F7C39700E93DB5 /* Example_014.cpp in Sources */,
				C3BC26C127F7C3E200E93DB5 /* Example_017.cpp in Sources */,
				C3BC26B527F7C32300E93DB5 /* main.cpp in Sources */,
			);
			runOnlyForDeploymentPostprocessing = 0;
		};
/* End PBXSourcesBuildPhase section */

/* Begin XCBuildConfiguration section */
		C3BC26B627F7C32300E93DB5 /* Debug */ = {
			isa = XCBuildConfiguration;
			buildSettings = {
				ALWAYS_SEARCH_USER_PATHS = NO;
				CLANG_ANALYZER_NONNULL = YES;
				CLANG_ANALYZER_NUMBER_OBJECT_CONVERSION = YES_AGGRESSIVE;
				CLANG_CXX_LANGUAGE_STANDARD = "gnu++17";
				CLANG_ENABLE_MODULES = YES;
				CLANG_ENABLE_OBJC_ARC = YES;
				CLANG_ENABLE_OBJC_WEAK = YES;
				CLANG_WARN_BLOCK_CAPTURE_AUTORELEASING = YES;
				CLANG_WARN_BOOL_CONVERSION = YES;
				CLANG_WARN_COMMA = YES;
				CLANG_WARN_CONSTANT_CONVERSION = YES;
				CLANG_WARN_DEPRECATED_OBJC_IMPLEMENTATIONS = YES;
				CLANG_WARN_DIRECT_OBJC_ISA_USAGE = YES_ERROR;
				CLANG_WARN_DOCUMENTATION_COMMENTS = YES;
				CLANG_WARN_EMPTY_BODY = YES;
				CLANG_WARN_ENUM_CONVERSION = YES;
				CLANG_WARN_INFINITE_RECURSION = YES;
				CLANG_WARN_INT_CONVERSION = YES;
				CLANG_WARN_NON_LITERAL_NULL_CONVERSION = YES;
				CLANG_WARN_OBJC_IMPLICIT_RETAIN_SELF = YES;
				CLANG_WARN_OBJC_LITERAL_CONVERSION = YES;
				CLANG_WARN_OBJC_ROOT_CLASS = YES_ERROR;
				CLANG_WARN_QUOTED_INCLUDE_IN_FRAMEWORK_HEADER = YES;
				CLANG_WARN_RANGE_LOOP_ANALYSIS = YES;
				CLANG_WARN_STRICT_PROTOTYPES = YES;
				CLANG_WARN_SUSPICIOUS_MOVE = YES;
				CLANG_WARN_UNGUARDED_AVAILABILITY = YES_AGGRESSIVE;
				CLANG_WARN_UNREACHABLE_CODE = YES;
				CLANG_WARN__DUPLICATE_METHOD_MATCH = YES;
				COPY_PHASE_STRIP = NO;
				DEBUG_INFORMATION_FORMAT = dwarf;
				ENABLE_STRICT_OBJC_MSGSEND = YES;
				ENABLE_TESTABILITY = YES;
				GCC_C_LANGUAGE_STANDARD = gnu11;
				GCC_DYNAMIC_NO_PIC = NO;
				GCC_NO_COMMON_BLOCKS = YES;
				GCC_OPTIMIZATION_LEVEL = 0;
				GCC_PREPROCESSOR_DEFINITIONS = (
					"DEBUG=1",
					"$(inherited)",
				);
				GCC_WARN_64_TO_32_BIT_CONVERSION = YES;
				GCC_WARN_ABOUT_RETURN_TYPE = YES_ERROR;
				GCC_WARN_UNDECLARED_SELECTOR = YES;
				GCC_WARN_UNINITIALIZED_AUTOS = YES_AGGRESSIVE;
				GCC_WARN_UNUSED_FUNCTION = YES;
				GCC_WARN_UNUSED_VARIABLE = YES;
				MACOSX_DEPLOYMENT_TARGET = 12.3;
				MTL_ENABLE_DEBUG_INFO = INCLUDE_SOURCE;
				MTL_FAST_MATH = YES;
				ONLY_ACTIVE_ARCH = YES;
				SDKROOT = macosx;
			};
			name = Debug;
		};
		C3BC26B727F7C32300E93DB5 /* Release */ = {
			isa = XCBuildConfiguration;
			buildSettings = {
				ALWAYS_SEARCH_USER_PATHS = NO;
				CLANG_ANALYZER_NONNULL = YES;
				CLANG_ANALYZER_NUMBER_OBJECT_CONVERSION = YES_AGGRESSIVE;
				CLANG_CXX_LANGUAGE_STANDARD = "gnu++17";
				CLANG_ENABLE_MODULES = YES;
				CLANG_ENABLE_OBJC_ARC = YES;
				CLANG_ENABLE_OBJC_WEAK = YES;
				CLANG_WARN_BLOCK_CAPTURE_AUTORELEASING = YES;
				CLANG_WARN_BOOL_CONVERSION = YES;
				CLANG_WARN_COMMA = YES;
				CLANG_WARN_CONSTANT_CONVERSION = YES;
				CLANG_WARN_DEPRECATED_OBJC_IMPLEMENTATIONS = YES;
				CLANG_WARN_DIRECT_OBJC_ISA_USAGE = YES_ERROR;
				CLANG_WARN_DOCUMENTATION_COMMENTS = YES;
				CLANG_WARN_EMPTY_BODY = YES;
				CLANG_WARN_ENUM_CONVERSION = YES;
				CLANG_WARN_INFINITE_RECURSION = YES;
				CLANG_WARN_INT_CONVERSION = YES;
				CLANG_WARN_NON_LITERAL_NULL_CONVERSION = YES;
				CLANG_WARN_OBJC_IMPLICIT_RETAIN_SELF = YES;
				CLANG_WARN_OBJC_LITERAL_CONVERSION = YES;
				CLANG_WARN_OBJC_ROOT_CLASS = YES_ERROR;
				CLANG_WARN_QUOTED_INCLUDE_IN_FRAMEWORK_HEADER = YES;
				CLANG_WARN_RANGE_LOOP_ANALYSIS = YES;
				CLANG_WARN_STRICT_PROTOTYPES = YES;
				CLANG_WARN_SUSPICIOUS_MOVE = YES;
				CLANG_WARN_UNGUARDED_AVAILABILITY = YES_AGGRESSIVE;
				CLANG_WARN_UNREACHABLE_CODE = YES;
				CLANG_WARN__DUPLICATE_METHOD_MATCH = YES;
				COPY_PHASE_STRIP = NO;
				DEBUG_INFORMATION_FORMAT = "dwarf-with-dsym";
				ENABLE_NS_ASSERTIONS = NO;
				ENABLE_STRICT_OBJC_MSGSEND = YES;
				GCC_C_LANGUAGE_STANDARD = gnu11;
				GCC_NO_COMMON_BLOCKS = YES;
				GCC_WARN_64_TO_32_BIT_CONVERSION = YES;
				GCC_WARN_ABOUT_RETURN_TYPE = YES_ERROR;
				GCC_WARN_UNDECLARED_SELECTOR = YES;
				GCC_WARN_UNINITIALIZED_AUTOS = YES_AGGRESSIVE;
				GCC_WARN_UNUSED_FUNCTION = YES;
				GCC_WARN_UNUSED_VARIABLE = YES;
				MACOSX_DEPLOYMENT_TARGET = 12.3;
				MTL_ENABLE_DEBUG_INFO = NO;
				MTL_FAST_MATH = YES;
				SDKROOT = macosx;
			};
			name = Release;
		};
		C3BC26B927F7C32300E93DB5 /* Debug */ = {
			isa = XCBuildConfiguration;
			buildSettings = {
				CODE_SIGN_STYLE = Automatic;
				DEVELOPMENT_TEAM = 8XBEE2A299;
				ENABLE_HARDENED_RUNTIME = YES;
				PRODUCT_NAME = "$(TARGET_NAME)";
			};
			name = Debug;
		};
		C3BC26BA27F7C32300E93DB5 /* Release */ = {
			isa = XCBuildConfiguration;
			buildSettings = {
				CODE_SIGN_STYLE = Automatic;
				DEVELOPMENT_TEAM = 8XBEE2A299;
				ENABLE_HARDENED_RUNTIME = YES;
				PRODUCT_NAME = "$(TARGET_NAME)";
			};
			name = Release;
		};
/* End XCBuildConfiguration section */

/* Begin XCConfigurationList section */
		C3BC26AC27F7C32300E93DB5 /* Build configuration list for PBXProject "E01" */ = {
			isa = XCConfigurationList;
			buildConfigurations = (
				C3BC26B627F7C32300E93DB5 /* Debug */,
				C3BC26B727F7C32300E93DB5 /* Release */,
			);
			defaultConfigurationIsVisible = 0;
			defaultConfigurationName = Release;
		};
		C3BC26B827F7C32300E93DB5 /* Build configuration list for PBXNativeTarget "E01" */ = {
			isa = XCConfigurationList;
			buildConfigurations = (
				C3BC26B927F7C32300E93DB5 /* Debug */,
				C3BC26BA27F7C32300E93DB5 /* Release */,
			);
			defaultConfigurationIsVisible = 0;
			defaultConfigurationName = Release;
		};
/* End XCConfigurationList section */
	};
	rootObject = C3BC26A927F7C32300E93DB5 /* Project object */;
}
