
Microsoft Visual Studio Solution File, Format Version 11.00
# Visual Studio 2010
Project("{FAE04EC0-301F-11D3-BF4B-00C04F79EFBC}") = "UnityModule.Common.Utility", "UnityModule.Common.Utility.csproj", "{5c93f43c-eb72-27f6-1cac-196d4fde9624}"
EndProject
Project("{FAE04EC0-301F-11D3-BF4B-00C04F79EFBC}") = "UnityModule.Common.Externals", "UnityModule.Common.Externals.csproj", "{ac82a236-b7b7-ce07-2263-6502c00e466a}"
EndProject
Project("{FAE04EC0-301F-11D3-BF4B-00C04F79EFBC}") = "UniRx", "UniRx.csproj", "{c04806d1-7173-ac27-1e7a-adb47a439427}"
EndProject
Project("{FAE04EC0-301F-11D3-BF4B-00C04F79EFBC}") = "MessagePack", "MessagePack.csproj", "{767dcee7-c32c-a0a2-9874-de9f34d501c2}"
EndProject
Project("{FAE04EC0-301F-11D3-BF4B-00C04F79EFBC}") = "DOTweenPro.Scripts", "DOTweenPro.Scripts.csproj", "{7876fbd9-319f-0a6b-830c-3e54ee3577c6}"
EndProject
Project("{FAE04EC0-301F-11D3-BF4B-00C04F79EFBC}") = "NativeShare.Runtime", "NativeShare.Runtime.csproj", "{733801f1-8ef3-e9a1-a25d-49e35e962e64}"
EndProject
Project("{FAE04EC0-301F-11D3-BF4B-00C04F79EFBC}") = "Assembly-CSharp", "Assembly-CSharp.csproj", "{15cd8ecc-48d2-4430-cbd9-85e15547fd38}"
EndProject
Project("{FAE04EC0-301F-11D3-BF4B-00C04F79EFBC}") = "Coffee.SoftMaskForUGUI", "Coffee.SoftMaskForUGUI.csproj", "{732bde61-a968-1589-bf8c-1b238aec4062}"
EndProject
Project("{FAE04EC0-301F-11D3-BF4B-00C04F79EFBC}") = "LeanTouch", "LeanTouch.csproj", "{7d27c4b3-30b3-a001-b128-c57b871791b3}"
EndProject
Project("{FAE04EC0-301F-11D3-BF4B-00C04F79EFBC}") = "LeanCommon", "LeanCommon.csproj", "{fee4135f-ee32-3974-4422-213afbbd0da9}"
EndProject
Project("{FAE04EC0-301F-11D3-BF4B-00C04F79EFBC}") = "UnityModule.Common", "UnityModule.Common.csproj", "{cc982d58-af88-1305-66b8-056afc138826}"
EndProject
Project("{FAE04EC0-301F-11D3-BF4B-00C04F79EFBC}") = "UnityModule.Common.Access", "UnityModule.Common.Access.csproj", "{e9812ea1-22dc-3872-9f52-710f7b09df34}"
EndProject
Project("{FAE04EC0-301F-11D3-BF4B-00C04F79EFBC}") = "UnityModule.Common.Define", "UnityModule.Common.Define.csproj", "{5c6dfc2c-ad82-6424-02c2-4819f75e7748}"
EndProject
Project("{FAE04EC0-301F-11D3-BF4B-00C04F79EFBC}") = "UnityModule.Common.Factory", "UnityModule.Common.Factory.csproj", "{43578c1b-c0f4-1414-7203-d9e4742b1bbf}"
EndProject
Project("{FAE04EC0-301F-11D3-BF4B-00C04F79EFBC}") = "IngameDebugConsole.Runtime", "IngameDebugConsole.Runtime.csproj", "{5dca089d-eed2-4709-4cc0-2b8255b39820}"
EndProject
Project("{FAE04EC0-301F-11D3-BF4B-00C04F79EFBC}") = "Coffee.UIParticle.Demo", "Coffee.UIParticle.Demo.csproj", "{344cde6c-ad29-d3d6-2797-5b7b1dbc9a66}"
EndProject
Project("{FAE04EC0-301F-11D3-BF4B-00C04F79EFBC}") = "SimpleFileBrowser.Runtime", "SimpleFileBrowser.Runtime.csproj", "{bf28480c-1200-ca0a-99d4-9b6c0ee75cd7}"
EndProject
Project("{FAE04EC0-301F-11D3-BF4B-00C04F79EFBC}") = "UnityModule.Common.Extension", "UnityModule.Common.Extension.csproj", "{4e87778e-9dff-dce0-8cfe-287ebd0a2269}"
EndProject
Project("{FAE04EC0-301F-11D3-BF4B-00C04F79EFBC}") = "UnityModule.Common.Func", "UnityModule.Common.Func.csproj", "{3c749921-5b5a-b826-c16b-285dcff0f3ba}"
EndProject
Project("{FAE04EC0-301F-11D3-BF4B-00C04F79EFBC}") = "UniRx.Examples", "UniRx.Examples.csproj", "{045db94e-4d19-7113-7e3d-38992032db04}"
EndProject
Project("{FAE04EC0-301F-11D3-BF4B-00C04F79EFBC}") = "DOTween.Modules", "DOTween.Modules.csproj", "{461de116-22d3-cc31-13b0-0b5d9ce7ac06}"
EndProject
Project("{FAE04EC0-301F-11D3-BF4B-00C04F79EFBC}") = "Coffee.UnmaskForUGUI", "Coffee.UnmaskForUGUI.csproj", "{5ded73f9-cfd1-95e4-7aeb-8ee2f7715039}"
EndProject
Project("{FAE04EC0-301F-11D3-BF4B-00C04F79EFBC}") = "Unmask_Demo", "Unmask_Demo.csproj", "{e1a797fa-937b-85ad-a732-1280c3fd2551}"
EndProject
Project("{FAE04EC0-301F-11D3-BF4B-00C04F79EFBC}") = "UnityModule.Study.Define", "UnityModule.Study.Define.csproj", "{9f94c3a4-88a2-4c29-faf5-fdb7e8db84b3}"
EndProject
Project("{FAE04EC0-301F-11D3-BF4B-00C04F79EFBC}") = "Coffee.UIParticle", "Coffee.UIParticle.csproj", "{b9ffb43f-0f28-b0ee-c2bf-17f07625177b}"
EndProject
Project("{FAE04EC0-301F-11D3-BF4B-00C04F79EFBC}") = "MessagePack.Annotations", "MessagePack.Annotations.csproj", "{ec82e8c4-30fe-8b2e-eca3-954ce6a3da7d}"
EndProject
Project("{FAE04EC0-301F-11D3-BF4B-00C04F79EFBC}") = "Coffee.CFX_Demo_With_UIParticle", "Coffee.CFX_Demo_With_UIParticle.csproj", "{8b2bf342-2871-ef66-080c-840f9f5d279f}"
EndProject
Project("{FAE04EC0-301F-11D3-BF4B-00C04F79EFBC}") = "UnityModule.Study.Utility", "UnityModule.Study.Utility.csproj", "{ca540018-2713-9671-1c3d-d8bdb7a67f22}"
EndProject
Project("{FAE04EC0-301F-11D3-BF4B-00C04F79EFBC}") = "UnityModule.Study", "UnityModule.Study.csproj", "{d809ee16-0c38-725c-8289-1910f2ffd67c}"
EndProject
Project("{FAE04EC0-301F-11D3-BF4B-00C04F79EFBC}") = "EnhancedHierarchyEditor", "EnhancedHierarchyEditor.csproj", "{44ed7182-8eab-2210-f50a-7e444bab0b85}"
EndProject
Project("{FAE04EC0-301F-11D3-BF4B-00C04F79EFBC}") = "AH_AssemblyDefinition", "AH_AssemblyDefinition.csproj", "{6c3ba465-b6b9-9ff4-89bb-d22c437bd22b}"
EndProject
Project("{FAE04EC0-301F-11D3-BF4B-00C04F79EFBC}") = "Assembly-CSharp-Editor", "Assembly-CSharp-Editor.csproj", "{2ba6f747-4be4-7bbb-daeb-f979ffa25f6b}"
EndProject
Project("{FAE04EC0-301F-11D3-BF4B-00C04F79EFBC}") = "Heureka_GlobalAssemblyDefinition", "Heureka_GlobalAssemblyDefinition.csproj", "{61d4144c-d7ad-cdb1-3377-c603efb755d9}"
EndProject
Project("{FAE04EC0-301F-11D3-BF4B-00C04F79EFBC}") = "AssetUsageDetector.Editor", "AssetUsageDetector.Editor.csproj", "{ab681bfa-7081-65f3-f431-620e8d72176e}"
EndProject
Project("{FAE04EC0-301F-11D3-BF4B-00C04F79EFBC}") = "UnityModule.TotalJSON.Editor", "UnityModule.TotalJSON.Editor.csproj", "{ee85e493-ce58-edd0-f4ea-a2b4d74ec096}"
EndProject
Project("{FAE04EC0-301F-11D3-BF4B-00C04F79EFBC}") = "Coffee.UIParticle.Editor", "Coffee.UIParticle.Editor.csproj", "{aa1c4865-30d5-01a4-5673-0dca5d195ca1}"
EndProject
Project("{FAE04EC0-301F-11D3-BF4B-00C04F79EFBC}") = "UnityModule.UIEffect.EditorB", "UnityModule.UIEffect.EditorB.csproj", "{8d019365-2a0a-2d78-f5e8-0eb27e7a4af8}"
EndProject
Project("{FAE04EC0-301F-11D3-BF4B-00C04F79EFBC}") = "IngameDebugConsole.Editor", "IngameDebugConsole.Editor.csproj", "{2b7a2035-bb95-08ec-b6dd-79a94b493555}"
EndProject
Project("{FAE04EC0-301F-11D3-BF4B-00C04F79EFBC}") = "UnityModule.SpriteTrail.Editor", "UnityModule.SpriteTrail.Editor.csproj", "{0f3f9927-390c-5f77-893e-e85fb1fc7fc1}"
EndProject
Project("{FAE04EC0-301F-11D3-BF4B-00C04F79EFBC}") = "Coffee.SoftMaskForUGUI.Editor", "Coffee.SoftMaskForUGUI.Editor.csproj", "{796a35e1-30f5-1e75-867c-5fa13f2d8964}"
EndProject
Project("{FAE04EC0-301F-11D3-BF4B-00C04F79EFBC}") = "UnityModule.BezierSolution.Editor", "UnityModule.BezierSolution.Editor.csproj", "{a2170d74-8dd5-791e-29b8-04ca8d419cdc}"
EndProject
Project("{FAE04EC0-301F-11D3-BF4B-00C04F79EFBC}") = "DOTweenPro.EditorScripts", "DOTweenPro.EditorScripts.csproj", "{2c0ca179-ad75-eb04-a27a-c3096cec1015}"
EndProject
Project("{FAE04EC0-301F-11D3-BF4B-00C04F79EFBC}") = "Coffee.UnmaskForUGUI.Editor", "Coffee.UnmaskForUGUI.Editor.csproj", "{4767de86-4ea0-d279-cf75-2cbf84270f6d}"
EndProject
Project("{FAE04EC0-301F-11D3-BF4B-00C04F79EFBC}") = "UnityModule.UIEffect.EditorA", "UnityModule.UIEffect.EditorA.csproj", "{6d2a9713-aa67-ad63-7515-738948775cd4}"
EndProject
Project("{FAE04EC0-301F-11D3-BF4B-00C04F79EFBC}") = "UnityModule.FPSCounter.EditorA", "UnityModule.FPSCounter.EditorA.csproj", "{6f4f7e9c-1885-66d3-2fa2-98aa0c716b32}"
EndProject
Project("{FAE04EC0-301F-11D3-BF4B-00C04F79EFBC}") = "UnityModule.SimpleScrollSnap.Editor", "UnityModule.SimpleScrollSnap.Editor.csproj", "{3677cea3-8523-948b-92a4-1712ddecaa2f}"
EndProject
Project("{FAE04EC0-301F-11D3-BF4B-00C04F79EFBC}") = "Coffee.GitDependencyResolver", "Coffee.GitDependencyResolver.csproj", "{39308720-a398-c401-c8b5-81b15bed1456}"
EndProject
Project("{FAE04EC0-301F-11D3-BF4B-00C04F79EFBC}") = "UnityModule.FPSCounter.EditorB", "UnityModule.FPSCounter.EditorB.csproj", "{95ace6c6-0399-3676-0a5c-01ae137d9671}"
EndProject
Project("{FAE04EC0-301F-11D3-BF4B-00C04F79EFBC}") = "UnityModule.SignInWithApple.Editor", "UnityModule.SignInWithApple.Editor.csproj", "{e3c2aba7-4604-276b-5741-8fe8adde9989}"
EndProject
Project("{FAE04EC0-301F-11D3-BF4B-00C04F79EFBC}") = "NativeShare.Editor", "NativeShare.Editor.csproj", "{48833ab5-c520-1b3a-ea5f-b192dc96a7d3}"
EndProject
Project("{FAE04EC0-301F-11D3-BF4B-00C04F79EFBC}") = "SimpleFileBrowser.Editor", "SimpleFileBrowser.Editor.csproj", "{99bdf194-b0aa-eea5-7be5-4883039ad4ef}"
EndProject
Global
	GlobalSection(SolutionConfigurationPlatforms) = preSolution
		Debug|Any CPU = Debug|Any CPU
	EndGlobalSection
	GlobalSection(ProjectConfigurationPlatforms) = postSolution
		{5c93f43c-eb72-27f6-1cac-196d4fde9624}.Debug|Any CPU.ActiveCfg = Debug|Any CPU
		{5c93f43c-eb72-27f6-1cac-196d4fde9624}.Debug|Any CPU.Build.0 = Debug|Any CPU
		{ac82a236-b7b7-ce07-2263-6502c00e466a}.Debug|Any CPU.ActiveCfg = Debug|Any CPU
		{ac82a236-b7b7-ce07-2263-6502c00e466a}.Debug|Any CPU.Build.0 = Debug|Any CPU
		{c04806d1-7173-ac27-1e7a-adb47a439427}.Debug|Any CPU.ActiveCfg = Debug|Any CPU
		{c04806d1-7173-ac27-1e7a-adb47a439427}.Debug|Any CPU.Build.0 = Debug|Any CPU
		{767dcee7-c32c-a0a2-9874-de9f34d501c2}.Debug|Any CPU.ActiveCfg = Debug|Any CPU
		{767dcee7-c32c-a0a2-9874-de9f34d501c2}.Debug|Any CPU.Build.0 = Debug|Any CPU
		{7876fbd9-319f-0a6b-830c-3e54ee3577c6}.Debug|Any CPU.ActiveCfg = Debug|Any CPU
		{7876fbd9-319f-0a6b-830c-3e54ee3577c6}.Debug|Any CPU.Build.0 = Debug|Any CPU
		{733801f1-8ef3-e9a1-a25d-49e35e962e64}.Debug|Any CPU.ActiveCfg = Debug|Any CPU
		{733801f1-8ef3-e9a1-a25d-49e35e962e64}.Debug|Any CPU.Build.0 = Debug|Any CPU
		{15cd8ecc-48d2-4430-cbd9-85e15547fd38}.Debug|Any CPU.ActiveCfg = Debug|Any CPU
		{15cd8ecc-48d2-4430-cbd9-85e15547fd38}.Debug|Any CPU.Build.0 = Debug|Any CPU
		{732bde61-a968-1589-bf8c-1b238aec4062}.Debug|Any CPU.ActiveCfg = Debug|Any CPU
		{732bde61-a968-1589-bf8c-1b238aec4062}.Debug|Any CPU.Build.0 = Debug|Any CPU
		{7d27c4b3-30b3-a001-b128-c57b871791b3}.Debug|Any CPU.ActiveCfg = Debug|Any CPU
		{7d27c4b3-30b3-a001-b128-c57b871791b3}.Debug|Any CPU.Build.0 = Debug|Any CPU
		{fee4135f-ee32-3974-4422-213afbbd0da9}.Debug|Any CPU.ActiveCfg = Debug|Any CPU
		{fee4135f-ee32-3974-4422-213afbbd0da9}.Debug|Any CPU.Build.0 = Debug|Any CPU
		{cc982d58-af88-1305-66b8-056afc138826}.Debug|Any CPU.ActiveCfg = Debug|Any CPU
		{cc982d58-af88-1305-66b8-056afc138826}.Debug|Any CPU.Build.0 = Debug|Any CPU
		{e9812ea1-22dc-3872-9f52-710f7b09df34}.Debug|Any CPU.ActiveCfg = Debug|Any CPU
		{e9812ea1-22dc-3872-9f52-710f7b09df34}.Debug|Any CPU.Build.0 = Debug|Any CPU
		{5c6dfc2c-ad82-6424-02c2-4819f75e7748}.Debug|Any CPU.ActiveCfg = Debug|Any CPU
		{5c6dfc2c-ad82-6424-02c2-4819f75e7748}.Debug|Any CPU.Build.0 = Debug|Any CPU
		{43578c1b-c0f4-1414-7203-d9e4742b1bbf}.Debug|Any CPU.ActiveCfg = Debug|Any CPU
		{43578c1b-c0f4-1414-7203-d9e4742b1bbf}.Debug|Any CPU.Build.0 = Debug|Any CPU
		{5dca089d-eed2-4709-4cc0-2b8255b39820}.Debug|Any CPU.ActiveCfg = Debug|Any CPU
		{5dca089d-eed2-4709-4cc0-2b8255b39820}.Debug|Any CPU.Build.0 = Debug|Any CPU
		{344cde6c-ad29-d3d6-2797-5b7b1dbc9a66}.Debug|Any CPU.ActiveCfg = Debug|Any CPU
		{344cde6c-ad29-d3d6-2797-5b7b1dbc9a66}.Debug|Any CPU.Build.0 = Debug|Any CPU
		{bf28480c-1200-ca0a-99d4-9b6c0ee75cd7}.Debug|Any CPU.ActiveCfg = Debug|Any CPU
		{bf28480c-1200-ca0a-99d4-9b6c0ee75cd7}.Debug|Any CPU.Build.0 = Debug|Any CPU
		{4e87778e-9dff-dce0-8cfe-287ebd0a2269}.Debug|Any CPU.ActiveCfg = Debug|Any CPU
		{4e87778e-9dff-dce0-8cfe-287ebd0a2269}.Debug|Any CPU.Build.0 = Debug|Any CPU
		{3c749921-5b5a-b826-c16b-285dcff0f3ba}.Debug|Any CPU.ActiveCfg = Debug|Any CPU
		{3c749921-5b5a-b826-c16b-285dcff0f3ba}.Debug|Any CPU.Build.0 = Debug|Any CPU
		{045db94e-4d19-7113-7e3d-38992032db04}.Debug|Any CPU.ActiveCfg = Debug|Any CPU
		{045db94e-4d19-7113-7e3d-38992032db04}.Debug|Any CPU.Build.0 = Debug|Any CPU
		{461de116-22d3-cc31-13b0-0b5d9ce7ac06}.Debug|Any CPU.ActiveCfg = Debug|Any CPU
		{461de116-22d3-cc31-13b0-0b5d9ce7ac06}.Debug|Any CPU.Build.0 = Debug|Any CPU
		{5ded73f9-cfd1-95e4-7aeb-8ee2f7715039}.Debug|Any CPU.ActiveCfg = Debug|Any CPU
		{5ded73f9-cfd1-95e4-7aeb-8ee2f7715039}.Debug|Any CPU.Build.0 = Debug|Any CPU
		{e1a797fa-937b-85ad-a732-1280c3fd2551}.Debug|Any CPU.ActiveCfg = Debug|Any CPU
		{e1a797fa-937b-85ad-a732-1280c3fd2551}.Debug|Any CPU.Build.0 = Debug|Any CPU
		{9f94c3a4-88a2-4c29-faf5-fdb7e8db84b3}.Debug|Any CPU.ActiveCfg = Debug|Any CPU
		{9f94c3a4-88a2-4c29-faf5-fdb7e8db84b3}.Debug|Any CPU.Build.0 = Debug|Any CPU
		{b9ffb43f-0f28-b0ee-c2bf-17f07625177b}.Debug|Any CPU.ActiveCfg = Debug|Any CPU
		{b9ffb43f-0f28-b0ee-c2bf-17f07625177b}.Debug|Any CPU.Build.0 = Debug|Any CPU
		{ec82e8c4-30fe-8b2e-eca3-954ce6a3da7d}.Debug|Any CPU.ActiveCfg = Debug|Any CPU
		{ec82e8c4-30fe-8b2e-eca3-954ce6a3da7d}.Debug|Any CPU.Build.0 = Debug|Any CPU
		{8b2bf342-2871-ef66-080c-840f9f5d279f}.Debug|Any CPU.ActiveCfg = Debug|Any CPU
		{8b2bf342-2871-ef66-080c-840f9f5d279f}.Debug|Any CPU.Build.0 = Debug|Any CPU
		{ca540018-2713-9671-1c3d-d8bdb7a67f22}.Debug|Any CPU.ActiveCfg = Debug|Any CPU
		{ca540018-2713-9671-1c3d-d8bdb7a67f22}.Debug|Any CPU.Build.0 = Debug|Any CPU
		{d809ee16-0c38-725c-8289-1910f2ffd67c}.Debug|Any CPU.ActiveCfg = Debug|Any CPU
		{d809ee16-0c38-725c-8289-1910f2ffd67c}.Debug|Any CPU.Build.0 = Debug|Any CPU
		{44ed7182-8eab-2210-f50a-7e444bab0b85}.Debug|Any CPU.ActiveCfg = Debug|Any CPU
		{44ed7182-8eab-2210-f50a-7e444bab0b85}.Debug|Any CPU.Build.0 = Debug|Any CPU
		{6c3ba465-b6b9-9ff4-89bb-d22c437bd22b}.Debug|Any CPU.ActiveCfg = Debug|Any CPU
		{6c3ba465-b6b9-9ff4-89bb-d22c437bd22b}.Debug|Any CPU.Build.0 = Debug|Any CPU
		{2ba6f747-4be4-7bbb-daeb-f979ffa25f6b}.Debug|Any CPU.ActiveCfg = Debug|Any CPU
		{2ba6f747-4be4-7bbb-daeb-f979ffa25f6b}.Debug|Any CPU.Build.0 = Debug|Any CPU
		{61d4144c-d7ad-cdb1-3377-c603efb755d9}.Debug|Any CPU.ActiveCfg = Debug|Any CPU
		{61d4144c-d7ad-cdb1-3377-c603efb755d9}.Debug|Any CPU.Build.0 = Debug|Any CPU
		{ab681bfa-7081-65f3-f431-620e8d72176e}.Debug|Any CPU.ActiveCfg = Debug|Any CPU
		{ab681bfa-7081-65f3-f431-620e8d72176e}.Debug|Any CPU.Build.0 = Debug|Any CPU
		{ee85e493-ce58-edd0-f4ea-a2b4d74ec096}.Debug|Any CPU.ActiveCfg = Debug|Any CPU
		{ee85e493-ce58-edd0-f4ea-a2b4d74ec096}.Debug|Any CPU.Build.0 = Debug|Any CPU
		{aa1c4865-30d5-01a4-5673-0dca5d195ca1}.Debug|Any CPU.ActiveCfg = Debug|Any CPU
		{aa1c4865-30d5-01a4-5673-0dca5d195ca1}.Debug|Any CPU.Build.0 = Debug|Any CPU
		{8d019365-2a0a-2d78-f5e8-0eb27e7a4af8}.Debug|Any CPU.ActiveCfg = Debug|Any CPU
		{8d019365-2a0a-2d78-f5e8-0eb27e7a4af8}.Debug|Any CPU.Build.0 = Debug|Any CPU
		{2b7a2035-bb95-08ec-b6dd-79a94b493555}.Debug|Any CPU.ActiveCfg = Debug|Any CPU
		{2b7a2035-bb95-08ec-b6dd-79a94b493555}.Debug|Any CPU.Build.0 = Debug|Any CPU
		{0f3f9927-390c-5f77-893e-e85fb1fc7fc1}.Debug|Any CPU.ActiveCfg = Debug|Any CPU
		{0f3f9927-390c-5f77-893e-e85fb1fc7fc1}.Debug|Any CPU.Build.0 = Debug|Any CPU
		{796a35e1-30f5-1e75-867c-5fa13f2d8964}.Debug|Any CPU.ActiveCfg = Debug|Any CPU
		{796a35e1-30f5-1e75-867c-5fa13f2d8964}.Debug|Any CPU.Build.0 = Debug|Any CPU
		{a2170d74-8dd5-791e-29b8-04ca8d419cdc}.Debug|Any CPU.ActiveCfg = Debug|Any CPU
		{a2170d74-8dd5-791e-29b8-04ca8d419cdc}.Debug|Any CPU.Build.0 = Debug|Any CPU
		{2c0ca179-ad75-eb04-a27a-c3096cec1015}.Debug|Any CPU.ActiveCfg = Debug|Any CPU
		{2c0ca179-ad75-eb04-a27a-c3096cec1015}.Debug|Any CPU.Build.0 = Debug|Any CPU
		{4767de86-4ea0-d279-cf75-2cbf84270f6d}.Debug|Any CPU.ActiveCfg = Debug|Any CPU
		{4767de86-4ea0-d279-cf75-2cbf84270f6d}.Debug|Any CPU.Build.0 = Debug|Any CPU
		{6d2a9713-aa67-ad63-7515-738948775cd4}.Debug|Any CPU.ActiveCfg = Debug|Any CPU
		{6d2a9713-aa67-ad63-7515-738948775cd4}.Debug|Any CPU.Build.0 = Debug|Any CPU
		{6f4f7e9c-1885-66d3-2fa2-98aa0c716b32}.Debug|Any CPU.ActiveCfg = Debug|Any CPU
		{6f4f7e9c-1885-66d3-2fa2-98aa0c716b32}.Debug|Any CPU.Build.0 = Debug|Any CPU
		{3677cea3-8523-948b-92a4-1712ddecaa2f}.Debug|Any CPU.ActiveCfg = Debug|Any CPU
		{3677cea3-8523-948b-92a4-1712ddecaa2f}.Debug|Any CPU.Build.0 = Debug|Any CPU
		{39308720-a398-c401-c8b5-81b15bed1456}.Debug|Any CPU.ActiveCfg = Debug|Any CPU
		{39308720-a398-c401-c8b5-81b15bed1456}.Debug|Any CPU.Build.0 = Debug|Any CPU
		{95ace6c6-0399-3676-0a5c-01ae137d9671}.Debug|Any CPU.ActiveCfg = Debug|Any CPU
		{95ace6c6-0399-3676-0a5c-01ae137d9671}.Debug|Any CPU.Build.0 = Debug|Any CPU
		{e3c2aba7-4604-276b-5741-8fe8adde9989}.Debug|Any CPU.ActiveCfg = Debug|Any CPU
		{e3c2aba7-4604-276b-5741-8fe8adde9989}.Debug|Any CPU.Build.0 = Debug|Any CPU
		{48833ab5-c520-1b3a-ea5f-b192dc96a7d3}.Debug|Any CPU.ActiveCfg = Debug|Any CPU
		{48833ab5-c520-1b3a-ea5f-b192dc96a7d3}.Debug|Any CPU.Build.0 = Debug|Any CPU
		{99bdf194-b0aa-eea5-7be5-4883039ad4ef}.Debug|Any CPU.ActiveCfg = Debug|Any CPU
		{99bdf194-b0aa-eea5-7be5-4883039ad4ef}.Debug|Any CPU.Build.0 = Debug|Any CPU
	EndGlobalSection
	GlobalSection(SolutionProperties) = preSolution
		HideSolutionNode = FALSE
	EndGlobalSection
EndGlobal
